{
  "name": "TravelGuide",
  "lockfileVersion": 3,
  "requires": true,
  "packages": {
    "": {
      "dependencies": {
        "opencode-ai": "^1.14.33"
      }
    },
    "node_modules/opencode-ai": {
      "version": "1.14.33",
      "resolved": "https://registry.npmjs.org/opencode-ai/-/opencode-ai-1.14.33.tgz",
      "integrity": "sha512-eB0VcDh4up1NoY4efBwRz4DAa8gnvnv9Dm0WAGVEq7bQCgSytMM9TEpX94vENJTqzxBANS4Pxcegb/ZG6JMA2g==",
      "hasInstallScript": true,
      "license": "MIT",
      "bin": {
        "opencode": "bin/opencode"
      },
      "optionalDependencies": {
        "opencode-darwin-arm64": "1.14.33",
        "opencode-darwin-x64": "1.14.33",
        "opencode-darwin-x64-baseline": "1.14.33",
        "opencode-linux-arm64": "1.14.33",
        "opencode-linux-arm64-musl": "1.14.33",
        "opencode-linux-x64": "1.14.33",
        "opencode-linux-x64-baseline": "1.14.33",
        "opencode-linux-x64-baseline-musl": "1.14.33",
        "opencode-linux-x64-musl": "1.14.33",
        "opencode-windows-arm64": "1.14.33",
        "opencode-windows-x64": "1.14.33",
        "opencode-windows-x64-baseline": "1.14.33"
      }
    },
    "node_modules/opencode-darwin-arm64": {
      "version": "1.14.33",
      "resolved": "https://registry.npmjs.org/opencode-darwin-arm64/-/opencode-darwin-arm64-1.14.33.tgz",
      "integrity": "sha512-MDQgymI5Wla7uicU6gbcFOoryHjl8CRz6fXsWGsEp8R+hjqfKSrZ6ChNJlK93UsC9hl8bVvCbVcq7FR87guaKw==",
      "cpu": [
        "arm64"
      ],
      "optional": true,
      "os": [
        "darwin"
      ]
    },
    "node_modules/opencode-darwin-x64": {
      "version": "1.14.33",
      "resolved": "https://registry.npmjs.org/opencode-darwin-x64/-/opencode-darwin-x64-1.14.33.tgz",
      "integrity": "sha512-pHdUaNJZ0KDJxoqTLvgUJPt7l/CG2CniIcrc6Cg5rNP6ZRP1NtpeONCRkB5YfmanDvQzDWwVFa3+5ULRDfyrnA==",
      "cpu": [
        "x64"
      ],
      "optional": true,
      "os": [
        "darwin"
      ]
    },
    "node_modules/opencode-darwin-x64-baseline": {
      "version": "1.14.33",
      "resolved": "https://registry.npmjs.org/opencode-darwin-x64-baseline/-/opencode-darwin-x64-baseline-1.14.33.tgz",
      "integrity": "sha512-2QQNX3kTx/f5utUpwjFxIxOke618EUxyDR9mTaGOzEoWCV/Hrs4CtEkpxsA8ImA8Ffehbrsg861haVLCdeuwVQ==",
      "cpu": [
        "x64"
      ],
      "optional": true,
      "os": [
        "darwin"
      ]
    },
    "node_modules/opencode-linux-arm64": {
      "version": "1.14.33",
      "resolved": "https://registry.npmjs.org/opencode-linux-arm64/-/opencode-linux-arm64-1.14.33.tgz",
      "integrity": "sha512-IxesoCtjC4I/f9cUPov5KZeF6EEHiiDa9rHXNY3ogYjyBEtTCo5dTy07riENftzEnCA5u/EsYJO2eFyaGTrWtw==",
      "cpu": [
        "arm64"
      ],
      "optional": true,
      "os": [
        "linux"
      ]
    },
    "node_modules/opencode-linux-arm64-musl": {
      "version": "1.14.33",
      "resolved": "https://registry.npmjs.org/opencode-linux-arm64-musl/-/opencode-linux-arm64-musl-1.14.33.tgz",
      "integrity": "sha512-m7AiRtiDtm+nKsS9TXcqa3BF58yl3QMg82Dq68EF8x2LjwuaI+qETwGuGJz4d9QqvtySPfK7bF0dgSMnNTVlBQ==",
      "cpu": [
        "arm64"
      ],
      "optional": true,
      "os": [
        "linux"
      ]
    },
    "node_modules/opencode-linux-x64": {
      "version": "1.14.33",
      "resolved": "https://registry.npmjs.org/opencode-linux-x64/-/opencode-linux-x64-1.14.33.tgz",
      "integrity": "sha512-rE0moyGzCayR/XadwdPeEeD9Efw/mtPjFUntdHlaF73BygNMgiTtgxBsFdyEOaYCO8ZFhW9XvIjsloYcg99Twg==",
      "cpu": [
        "x64"
      ],
      "optional": true,
      "os": [
        "linux"
      ]
    },
    "node_modules/opencode-linux-x64-baseline": {
      "version": "1.14.33",
      "resolved": "https://registry.npmjs.org/opencode-linux-x64-baseline/-/opencode-linux-x64-baseline-1.14.33.tgz",
      "integrity": "sha512-gC7xFrN2UEmWx4eq8lgQvuwPL1vF9+t484YpZPc8bbkS3sbyxvjmrKtHXIanhU2BWwFbmUmZYW78/gMWooAfTw==",
      "cpu": [
        "x64"
      ],
      "optional": true,
      "os": [
        "linux"
      ]
    },
    "node_modules/opencode-linux-x64-baseline-musl": {
      "version": "1.14.33",
      "resolved": "https://registry.npmjs.org/opencode-linux-x64-baseline-musl/-/opencode-linux-x64-baseline-musl-1.14.33.tgz",
      "integrity": "sha512-8LEhnEc0n5LbohgLqXPDssLXAc0QqUf2Dhw7OYfaUFo/FjBKYi9WktQ6uaIAxa7qMe26ZU23dNMCmnSO81b5kQ==",
      "cpu": [
        "x64"
      ],
      "optional": true,
      "os": [
        "linux"
      ]
    },
    "node_modules/opencode-linux-x64-musl": {
      "version": "1.14.33",
      "resolved": "https://registry.npmjs.org/opencode-linux-x64-musl/-/opencode-linux-x64-musl-1.14.33.tgz",
      "integrity": "sha512-WZYtKjFYxhPUZcADklVg4MXPDJM7Gtg/rKikZk5vPIhz0POrhrTCK/43i1PM6rg2kVLNdxsjtmbIdab0frz9Xw==",
      "cpu": [
        "x64"
      ],
      "optional": true,
      "os": [
        "linux"
      ]
    },
    "node_modules/opencode-windows-arm64": {
      "version": "1.14.33",
      "resolved": "https://registry.npmjs.org/opencode-windows-arm64/-/opencode-windows-arm64-1.14.33.tgz",
      "integrity": "sha512-uisW4Hc6j8UH8TgQiVNBUrCtuBSMVOdziohWJtVzN9DG8/3x/pjAVsqG+Du5V5ljgJpvwZeeO+Vvx8XXupGp+Q==",
      "cpu": [
        "arm64"
      ],
      "optional": true,
      "os": [
        "win32"
      ]
    },
    "node_modules/opencode-windows-x64": {
      "version": "1.14.33",
      "resolved": "https://registry.npmjs.org/opencode-windows-x64/-/opencode-windows-x64-1.14.33.tgz",
      "integrity": "sha512-0HDW/My00nlTYMpQX2JYIQExDX3RKSWncurpNf3lzPPjeCmZq9Vtf6XvzEmxDTEBEr+VG4fZYUd3udAq8gNJ+w==",
      "cpu": [
        "x64"
      ],
      "optional": true,
      "os": [
        "win32"
      ]
    },
    "node_modules/opencode-windows-x64-baseline": {
      "version": "1.14.33",
      "resolved": "https://registry.npmjs.org/opencode-windows-x64-baseline/-/opencode-windows-x64-baseline-1.14.33.tgz",
      "integrity": "sha512-lPbg3UEBfP3P7jmKQkMzTsuPC3oJvXhMzVjsd5BRbYUBfuiW6k0+cOJL6orijbPmqZx/8B6iquRnGY3AAbLtng==",
      "cpu": [
        "x64"
      ],
      "optional": true,
      "os": [
        "win32"
      ]
    }
  }
}
